
Microsoft Visual Studio Solution File, Format Version 12.00
# Visual Studio Version 16
VisualStudioVersion = 16.0.30204.135
MinimumVisualStudioVersion = 10.0.40219.1
Project("{9A19103F-16F7-4668-BE54-9A1E7A4F7556}") = "Parking.Cost.Service", "Parking.Cost.Service\Parking.Cost.Service.csproj", "{56092166-0ED9-475B-98D0-3970C3C91E50}"
EndProject
Project("{FAE04EC0-301F-11D3-BF4B-00C04F79EFBC}") = "Price.Engine", "Price.Engine\Price.Engine.csproj", "{66AC4673-3008-425C-B14B-F34D3C4871C7}"
EndProject
Project("{FAE04EC0-301F-11D3-BF4B-00C04F79EFBC}") = "Price.Engine.Test", "Price.Engine.Test\Price.Engine.Test.csproj", "{5DE26DAE-7DE8-4C01-9C94-D83EA46384E5}"
EndProject
Global
	GlobalSection(SolutionConfigurationPlatforms) = preSolution
		Debug|Any CPU = Debug|Any CPU
		Release|Any CPU = Release|Any CPU
	EndGlobalSection
	GlobalSection(ProjectConfigurationPlatforms) = postSolution
		{56092166-0ED9-475B-98D0-3970C3C91E50}.Debug|Any CPU.ActiveCfg = Debug|Any CPU
		{56092166-0ED9-475B-98D0-3970C3C91E50}.Debug|Any CPU.Build.0 = Debug|Any CPU
		{56092166-0ED9-475B-98D0-3970C3C91E50}.Release|Any CPU.ActiveCfg = Release|Any CPU
		{56092166-0ED9-475B-98D0-3970C3C91E50}.Release|Any CPU.Build.0 = Release|Any CPU
		{66AC4673-3008-425C-B14B-F34D3C4871C7}.Debug|Any CPU.ActiveCfg = Debug|Any CPU
		{66AC4673-3008-425C-B14B-F34D3C4871C7}.Debug|Any CPU.Build.0 = Debug|Any CPU
		{66AC4673-3008-425C-B14B-F34D3C4871C7}.Release|Any CPU.ActiveCfg = Release|Any CPU
		{66AC4673-3008-425C-B14B-F34D3C4871C7}.Release|Any CPU.Build.0 = Release|Any CPU
		{5DE26DAE-7DE8-4C01-9C94-D83EA46384E5}.Debug|Any CPU.ActiveCfg = Debug|Any CPU
		{5DE26DAE-7DE8-4C01-9C94-D83EA46384E5}.Debug|Any CPU.Build.0 = Debug|Any CPU
		{5DE26DAE-7DE8-4C01-9C94-D83EA46384E5}.Release|Any CPU.ActiveCfg = Release|Any CPU
		{5DE26DAE-7DE8-4C01-9C94-D83EA46384E5}.Release|Any CPU.Build.0 = Release|Any CPU
	EndGlobalSection
	GlobalSection(SolutionProperties) = preSolution
		HideSolutionNode = FALSE
	EndGlobalSection
	GlobalSection(ExtensibilityGlobals) = postSolution
		SolutionGuid = {849B4959-2525-464E-B6D6-3EAA9F14D949}
	EndGlobalSection
EndGlobal
